
Microsoft Visual Studio Solution File, Format Version 12.00
# Visual Studio Version 17
VisualStudioVersion = 17.6.33723.286
MinimumVisualStudioVersion = 10.0.40219.1
Project("{FAE04EC0-301F-11D3-BF4B-00C04F79EFBC}") = "Bump.EStore.MVC", "Bump.EStore.MVC\Bump.EStore.MVC.csproj", "{56D0F780-0C71-4A8D-8374-A16F9BEE8983}"
EndProject
Project("{FAE04EC0-301F-11D3-BF4B-00C04F79EFBC}") = "Bump.EStore.MVC.Tests", "Bump.EStore.MVC.Tests\Bump.EStore.MVC.Tests.csproj", "{04D9B3FA-9A36-444D-A367-84FFB0E01E4B}"
EndProject
Project("{FAE04EC0-301F-11D3-BF4B-00C04F79EFBC}") = "Bump.EStore.Infrastructure", "Bump.EStore.Infrastructure\Bump.EStore.Infrastructure.csproj", "{30441D8D-F321-42F2-8846-03F3F55DD3B2}"
EndProject
Project("{FAE04EC0-301F-11D3-BF4B-00C04F79EFBC}") = "Bump.EStore.Core", "Bump.EStore.Core\Bump.EStore.Core.csproj", "{90A31A72-362C-41D7-93BC-F32852D07364}"
EndProject
Project("{2150E333-8FDC-42A3-9474-1A3956D46DE8}") = "TO-DOs", "TO-DOs", "{844FBE0A-AFC4-42E0-B4A5-453E2995EA5D}"
	ProjectSection(SolutionItems) = preProject
		Carol.md = Carol.md
		Dai.md = Dai.md
		Josh.md = Josh.md
		Ricky.md = Ricky.md
		Sam.md = Sam.md
	EndProjectSection
EndProject
Global
	GlobalSection(SolutionConfigurationPlatforms) = preSolution
		Debug|Any CPU = Debug|Any CPU
		Release|Any CPU = Release|Any CPU
	EndGlobalSection
	GlobalSection(ProjectConfigurationPlatforms) = postSolution
		{56D0F780-0C71-4A8D-8374-A16F9BEE8983}.Debug|Any CPU.ActiveCfg = Debug|Any CPU
		{56D0F780-0C71-4A8D-8374-A16F9BEE8983}.Debug|Any CPU.Build.0 = Debug|Any CPU
		{56D0F780-0C71-4A8D-8374-A16F9BEE8983}.Release|Any CPU.ActiveCfg = Release|Any CPU
		{56D0F780-0C71-4A8D-8374-A16F9BEE8983}.Release|Any CPU.Build.0 = Release|Any CPU
		{04D9B3FA-9A36-444D-A367-84FFB0E01E4B}.Debug|Any CPU.ActiveCfg = Debug|Any CPU
		{04D9B3FA-9A36-444D-A367-84FFB0E01E4B}.Debug|Any CPU.Build.0 = Debug|Any CPU
		{04D9B3FA-9A36-444D-A367-84FFB0E01E4B}.Release|Any CPU.ActiveCfg = Release|Any CPU
		{04D9B3FA-9A36-444D-A367-84FFB0E01E4B}.Release|Any CPU.Build.0 = Release|Any CPU
		{30441D8D-F321-42F2-8846-03F3F55DD3B2}.Debug|Any CPU.ActiveCfg = Debug|Any CPU
		{30441D8D-F321-42F2-8846-03F3F55DD3B2}.Debug|Any CPU.Build.0 = Debug|Any CPU
		{30441D8D-F321-42F2-8846-03F3F55DD3B2}.Release|Any CPU.ActiveCfg = Release|Any CPU
		{30441D8D-F321-42F2-8846-03F3F55DD3B2}.Release|Any CPU.Build.0 = Release|Any CPU
		{90A31A72-362C-41D7-93BC-F32852D07364}.Debug|Any CPU.ActiveCfg = Debug|Any CPU
		{90A31A72-362C-41D7-93BC-F32852D07364}.Debug|Any CPU.Build.0 = Debug|Any CPU
		{90A31A72-362C-41D7-93BC-F32852D07364}.Release|Any CPU.ActiveCfg = Release|Any CPU
		{90A31A72-362C-41D7-93BC-F32852D07364}.Release|Any CPU.Build.0 = Release|Any CPU
	EndGlobalSection
	GlobalSection(SolutionProperties) = preSolution
		HideSolutionNode = FALSE
	EndGlobalSection
	GlobalSection(ExtensibilityGlobals) = postSolution
		SolutionGuid = {96116D95-6996-4375-B90A-0C06283C0F50}
	EndGlobalSection
EndGlobal
